
Microsoft Visual Studio Solution File, Format Version 12.00
# Visual Studio Version 16
VisualStudioVersion = 16.0.34031.81
MinimumVisualStudioVersion = 10.0.40219.1
Project("{FAE04EC0-301F-11D3-BF4B-00C04F79EFBC}") = "phanthanhtu_giuaki", "phanthanhtu_giuaki\phanthanhtu_giuaki.csproj", "{7DB2802D-ED71-48F0-B5CE-8E11BB4D0A97}"
EndProject
Global
	GlobalSection(SolutionConfigurationPlatforms) = preSolution
		Debug|Any CPU = Debug|Any CPU
		Release|Any CPU = Release|Any CPU
	EndGlobalSection
	GlobalSection(ProjectConfigurationPlatforms) = postSolution
		{7DB2802D-ED71-48F0-B5CE-8E11BB4D0A97}.Debug|Any CPU.ActiveCfg = Debug|Any CPU
		{7DB2802D-ED71-48F0-B5CE-8E11BB4D0A97}.Debug|Any CPU.Build.0 = Debug|Any CPU
		{7DB2802D-ED71-48F0-B5CE-8E11BB4D0A97}.Release|Any CPU.ActiveCfg = Release|Any CPU
		{7DB2802D-ED71-48F0-B5CE-8E11BB4D0A97}.Release|Any CPU.Build.0 = Release|Any CPU
	EndGlobalSection
	GlobalSection(SolutionProperties) = preSolution
		HideSolutionNode = FALSE
	EndGlobalSection
	GlobalSection(ExtensibilityGlobals) = postSolution
		SolutionGuid = {632055AD-1D15-451D-A82C-77548E3ACF30}
	EndGlobalSection
EndGlobal
